
Microsoft Visual Studio Solution File, Format Version 12.00
# Visual Studio Version 16
VisualStudioVersion = 16.0.33130.400
MinimumVisualStudioVersion = 10.0.40219.1
Project("{FAE04EC0-301F-11D3-BF4B-00C04F79EFBC}") = "AboutMeWebApp", "AboutMeWebApp\AboutMeWebApp.csproj", "{CE4D3B12-7C96-477C-9E4A-B3F09494F562}"
EndProject
Global
	GlobalSection(SolutionConfigurationPlatforms) = preSolution
		Debug|Any CPU = Debug|Any CPU
		Release|Any CPU = Release|Any CPU
	EndGlobalSection
	GlobalSection(ProjectConfigurationPlatforms) = postSolution
		{CE4D3B12-7C96-477C-9E4A-B3F09494F562}.Debug|Any CPU.ActiveCfg = Debug|Any CPU
		{CE4D3B12-7C96-477C-9E4A-B3F09494F562}.Debug|Any CPU.Build.0 = Debug|Any CPU
		{CE4D3B12-7C96-477C-9E4A-B3F09494F562}.Release|Any CPU.ActiveCfg = Release|Any CPU
		{CE4D3B12-7C96-477C-9E4A-B3F09494F562}.Release|Any CPU.Build.0 = Release|Any CPU
	EndGlobalSection
	GlobalSection(SolutionProperties) = preSolution
		HideSolutionNode = FALSE
	EndGlobalSection
	GlobalSection(ExtensibilityGlobals) = postSolution
		SolutionGuid = {6A5C8BEA-6A24-4D48-9ED4-9E08FE3CD2B2}
	EndGlobalSection
EndGlobal
